
Microsoft Visual Studio Solution File, Format Version 12.00
# Visual Studio Version 16
VisualStudioVersion = 16.0.31729.503
MinimumVisualStudioVersion = 10.0.40219.1
Project("{FAE04EC0-301F-11D3-BF4B-00C04F79EFBC}") = "RealWorldUnitTest.Web", "RealWorldUnitTest.Web\RealWorldUnitTest.Web.csproj", "{7052F92C-FE65-401C-A05D-3BEB25A89636}"
EndProject
Project("{FAE04EC0-301F-11D3-BF4B-00C04F79EFBC}") = "RealWorldUnitTest.Test", "RealWorldUnitTest.Test\RealWorldUnitTest.Test.csproj", "{70E225C7-8DD0-415B-926C-B28CDF7ABA73}"
EndProject
Global
	GlobalSection(SolutionConfigurationPlatforms) = preSolution
		Debug|Any CPU = Debug|Any CPU
		Release|Any CPU = Release|Any CPU
	EndGlobalSection
	GlobalSection(ProjectConfigurationPlatforms) = postSolution
		{7052F92C-FE65-401C-A05D-3BEB25A89636}.Debug|Any CPU.ActiveCfg = Debug|Any CPU
		{7052F92C-FE65-401C-A05D-3BEB25A89636}.Debug|Any CPU.Build.0 = Debug|Any CPU
		{7052F92C-FE65-401C-A05D-3BEB25A89636}.Release|Any CPU.ActiveCfg = Release|Any CPU
		{7052F92C-FE65-401C-A05D-3BEB25A89636}.Release|Any CPU.Build.0 = Release|Any CPU
		{70E225C7-8DD0-415B-926C-B28CDF7ABA73}.Debug|Any CPU.ActiveCfg = Debug|Any CPU
		{70E225C7-8DD0-415B-926C-B28CDF7ABA73}.Debug|Any CPU.Build.0 = Debug|Any CPU
		{70E225C7-8DD0-415B-926C-B28CDF7ABA73}.Release|Any CPU.ActiveCfg = Release|Any CPU
		{70E225C7-8DD0-415B-926C-B28CDF7ABA73}.Release|Any CPU.Build.0 = Release|Any CPU
	EndGlobalSection
	GlobalSection(SolutionProperties) = preSolution
		HideSolutionNode = FALSE
	EndGlobalSection
	GlobalSection(ExtensibilityGlobals) = postSolution
		SolutionGuid = {A8709A06-4825-4D2E-BFD6-BF91FD5E842C}
	EndGlobalSection
EndGlobal
